
Microsoft Visual Studio Solution File, Format Version 12.00
# Visual Studio Version 16
VisualStudioVersion = 16.0.32002.261
MinimumVisualStudioVersion = 10.0.40219.1
Project("{FAE04EC0-301F-11D3-BF4B-00C04F79EFBC}") = "Taitanic ML.Net", "Taitanic ML.Net.csproj", "{E8FAFFC5-7349-470C-BBA7-1E17C2C4ABF9}"
EndProject
Global
	GlobalSection(SolutionConfigurationPlatforms) = preSolution
		Debug|Any CPU = Debug|Any CPU
		Release|Any CPU = Release|Any CPU
	EndGlobalSection
	GlobalSection(ProjectConfigurationPlatforms) = postSolution
		{E8FAFFC5-7349-470C-BBA7-1E17C2C4ABF9}.Debug|Any CPU.ActiveCfg = Debug|Any CPU
		{E8FAFFC5-7349-470C-BBA7-1E17C2C4ABF9}.Debug|Any CPU.Build.0 = Debug|Any CPU
		{E8FAFFC5-7349-470C-BBA7-1E17C2C4ABF9}.Release|Any CPU.ActiveCfg = Release|Any CPU
		{E8FAFFC5-7349-470C-BBA7-1E17C2C4ABF9}.Release|Any CPU.Build.0 = Release|Any CPU
	EndGlobalSection
	GlobalSection(SolutionProperties) = preSolution
		HideSolutionNode = FALSE
	EndGlobalSection
	GlobalSection(ExtensibilityGlobals) = postSolution
		SolutionGuid = {9F43908B-C033-467B-AD87-28BB8351ED1C}
	EndGlobalSection
EndGlobal
